
Microsoft Visual Studio Solution File, Format Version 12.00
# Visual Studio Version 16
VisualStudioVersion = 16.0.29411.108
MinimumVisualStudioVersion = 10.0.40219.1
Project("{FAE04EC0-301F-11D3-BF4B-00C04F79EFBC}") = "SocketAsync", "SocketAsync\SocketAsync.csproj", "{655413F2-4182-4B42-9032-DAA4ECBA672B}"
EndProject
Project("{FAE04EC0-301F-11D3-BF4B-00C04F79EFBC}") = "AsyncSocketServer", "AsyncSocketServer\AsyncSocketServer.csproj", "{B51B5A24-5821-4D20-AA12-7E7B3AD95703}"
EndProject
Project("{FAE04EC0-301F-11D3-BF4B-00C04F79EFBC}") = "AsyncSocketClient", "AsyncSocketClient\AsyncSocketClient.csproj", "{48F4211F-323A-455B-9951-C6E8BED290F1}"
EndProject
Global
	GlobalSection(SolutionConfigurationPlatforms) = preSolution
		Debug|Any CPU = Debug|Any CPU
		Release|Any CPU = Release|Any CPU
	EndGlobalSection
	GlobalSection(ProjectConfigurationPlatforms) = postSolution
		{655413F2-4182-4B42-9032-DAA4ECBA672B}.Debug|Any CPU.ActiveCfg = Debug|Any CPU
		{655413F2-4182-4B42-9032-DAA4ECBA672B}.Debug|Any CPU.Build.0 = Debug|Any CPU
		{655413F2-4182-4B42-9032-DAA4ECBA672B}.Release|Any CPU.ActiveCfg = Release|Any CPU
		{655413F2-4182-4B42-9032-DAA4ECBA672B}.Release|Any CPU.Build.0 = Release|Any CPU
		{B51B5A24-5821-4D20-AA12-7E7B3AD95703}.Debug|Any CPU.ActiveCfg = Debug|Any CPU
		{B51B5A24-5821-4D20-AA12-7E7B3AD95703}.Debug|Any CPU.Build.0 = Debug|Any CPU
		{B51B5A24-5821-4D20-AA12-7E7B3AD95703}.Release|Any CPU.ActiveCfg = Release|Any CPU
		{B51B5A24-5821-4D20-AA12-7E7B3AD95703}.Release|Any CPU.Build.0 = Release|Any CPU
		{48F4211F-323A-455B-9951-C6E8BED290F1}.Debug|Any CPU.ActiveCfg = Debug|Any CPU
		{48F4211F-323A-455B-9951-C6E8BED290F1}.Debug|Any CPU.Build.0 = Debug|Any CPU
		{48F4211F-323A-455B-9951-C6E8BED290F1}.Release|Any CPU.ActiveCfg = Release|Any CPU
		{48F4211F-323A-455B-9951-C6E8BED290F1}.Release|Any CPU.Build.0 = Release|Any CPU
	EndGlobalSection
	GlobalSection(SolutionProperties) = preSolution
		HideSolutionNode = FALSE
	EndGlobalSection
	GlobalSection(ExtensibilityGlobals) = postSolution
		SolutionGuid = {C5D26E62-59B4-4973-AEE3-C730D57BCB4B}
	EndGlobalSection
EndGlobal
